// !$*UTF8*$!
{
	archiveVersion = 1;
	classes = {
	};
	objectVersion = 50;
	objects = {

/* Begin PBXBuildFile section */
		F8733CFC25DA75B500075C21 /* DVRViewController.swift in Sources */ = {isa = PBXBuildFile; fileRef = F8733CFB25DA75B500075C21 /* DVRViewController.swift */; };
		F8733D1825E1A9CB00075C21 /* ConfigViewController.swift in Sources */ = {isa = PBXBuildFile; fileRef = F8733D1725E1A9CB00075C21 /* ConfigViewController.swift */; };
		F8733D1B25E32CCD00075C21 /* FavoriteData.swift in Sources */ = {isa = PBXBuildFile; fileRef = F8733D1A25E32CCD00075C21 /* FavoriteData.swift */; };
		F8AD7AA025C6475E00B7B179 /* AppDelegate.swift in Sources */ = {isa = PBXBuildFile; fileRef = F8AD7A9F25C6475E00B7B179 /* AppDelegate.swift */; };
		F8AD7AA225C6475E00B7B179 /* SceneDelegate.swift in Sources */ = {isa = PBXBuildFile; fileRef = F8AD7AA125C6475E00B7B179 /* SceneDelegate.swift */; };
		F8AD7AA425C6475E00B7B179 /* ViewController.swift in Sources */ = {isa = PBXBuildFile; fileRef = F8AD7AA325C6475E00B7B179 /* ViewController.swift */; };
		F8AD7AA725C6475E00B7B179 /* Main.storyboard in Resources */ = {isa = PBXBuildFile; fileRef = F8AD7AA525C6475E00B7B179 /* Main.storyboard */; };
		F8AD7AA925C6475F00B7B179 /* Assets.xcassets in Resources */ = {isa = PBXBuildFile; fileRef = F8AD7AA825C6475F00B7B179 /* Assets.xcassets */; };
		F8AD7AAC25C6475F00B7B179 /* LaunchScreen.storyboard in Resources */ = {isa = PBXBuildFile; fileRef = F8AD7AAA25C6475F00B7B179 /* LaunchScreen.storyboard */; };
/* End PBXBuildFile section */

/* Begin PBXFileReference section */
		F8733CFB25DA75B500075C21 /* DVRViewController.swift */ = {isa = PBXFileReference; lastKnownFileType = sourcecode.swift; path = DVRViewController.swift; sourceTree = "<group>"; };
		F8733D1725E1A9CB00075C21 /* ConfigViewController.swift */ = {isa = PBXFileReference; lastKnownFileType = sourcecode.swift; path = ConfigViewController.swift; sourceTree = "<group>"; };
		F8733D1A25E32CCD00075C21 /* FavoriteData.swift */ = {isa = PBXFileReference; lastKnownFileType = sourcecode.swift; path = FavoriteData.swift; sourceTree = "<group>"; };
		F8AD7A9C25C6475E00B7B179 /* ZeyuZMRC.app */ = {isa = PBXFileReference; explicitFileType = wrapper.application; includeInIndex = 0; path = ZeyuZMRC.app; sourceTree = BUILT_PRODUCTS_DIR; };
		F8AD7A9F25C6475E00B7B179 /* AppDelegate.swift */ = {isa = PBXFileReference; lastKnownFileType = sourcecode.swift; path = AppDelegate.swift; sourceTree = "<group>"; };
		F8AD7AA125C6475E00B7B179 /* SceneDelegate.swift */ = {isa = PBXFileReference; lastKnownFileType = sourcecode.swift; path = SceneDelegate.swift; sourceTree = "<group>"; };
		F8AD7AA325C6475E00B7B179 /* ViewController.swift */ = {isa = PBXFileReference; lastKnownFileType = sourcecode.swift; path = ViewController.swift; sourceTree = "<group>"; };
		F8AD7AA625C6475E00B7B179 /* Base */ = {isa = PBXFileReference; lastKnownFileType = file.storyboard; name = Base; path = Base.lproj/Main.storyboard; sourceTree = "<group>"; };
		F8AD7AA825C6475F00B7B179 /* Assets.xcassets */ = {isa = PBXFileReference; lastKnownFileType = folder.assetcatalog; path = Assets.xcassets; sourceTree = "<group>"; };
		F8AD7AAB25C6475F00B7B179 /* Base */ = {isa = PBXFileReference; lastKnownFileType = file.storyboard; name = Base; path = Base.lproj/LaunchScreen.storyboard; sourceTree = "<group>"; };
		F8AD7AAD25C6475F00B7B179 /* Info.plist */ = {isa = PBXFileReference; lastKnownFileType = text.plist.xml; path = Info.plist; sourceTree = "<group>"; };
/* End PBXFileReference section */

/* Begin PBXFrameworksBuildPhase section */
		F8AD7A9925C6475E00B7B179 /* Frameworks */ = {
			isa = PBXFrameworksBuildPhase;
			buildActionMask = 2147483647;
			files = (
			);
			runOnlyForDeploymentPostprocessing = 0;
		};
/* End PBXFrameworksBuildPhase section */

/* Begin PBXGroup section */
		F8AD7A9325C6475E00B7B179 = {
			isa = PBXGroup;
			children = (
				F8AD7A9E25C6475E00B7B179 /* ZeyuZMRC */,
				F8AD7A9D25C6475E00B7B179 /* Products */,
			);
			sourceTree = "<group>";
		};
		F8AD7A9D25C6475E00B7B179 /* Products */ = {
			isa = PBXGroup;
			children = (
				F8AD7A9C25C6475E00B7B179 /* ZeyuZMRC.app */,
			);
			name = Products;
			sourceTree = "<group>";
		};
		F8AD7A9E25C6475E00B7B179 /* ZeyuZMRC */ = {
			isa = PBXGroup;
			children = (
				F8AD7A9F25C6475E00B7B179 /* AppDelegate.swift */,
				F8AD7AA125C6475E00B7B179 /* SceneDelegate.swift */,
				F8AD7AA325C6475E00B7B179 /* ViewController.swift */,
				F8733D1A25E32CCD00075C21 /* FavoriteData.swift */,
				F8AD7AA525C6475E00B7B179 /* Main.storyboard */,
				F8733D1725E1A9CB00075C21 /* ConfigViewController.swift */,
				F8733CFB25DA75B500075C21 /* DVRViewController.swift */,
				F8AD7AA825C6475F00B7B179 /* Assets.xcassets */,
				F8AD7AAA25C6475F00B7B179 /* LaunchScreen.storyboard */,
				F8AD7AAD25C6475F00B7B179 /* Info.plist */,
			);
			path = ZeyuZMRC;
			sourceTree = "<group>";
		};
/* End PBXGroup section */

/* Begin PBXNativeTarget section */
		F8AD7A9B25C6475E00B7B179 /* ZeyuZMRC */ = {
			isa = PBXNativeTarget;
			buildConfigurationList = F8AD7AB025C6475F00B7B179 /* Build configuration list for PBXNativeTarget "ZeyuZMRC" */;
			buildPhases = (
				F8AD7A9825C6475E00B7B179 /* Sources */,
				F8AD7A9925C6475E00B7B179 /* Frameworks */,
				F8AD7A9A25C6475E00B7B179 /* Resources */,
			);
			buildRules = (
			);
			dependencies = (
			);
			name = ZeyuZMRC;
			productName = ZeyuZMRC;
			productReference = F8AD7A9C25C6475E00B7B179 /* ZeyuZMRC.app */;
			productType = "com.apple.product-type.application";
		};
/* End PBXNativeTarget section */

/* Begin PBXProject section */
		F8AD7A9425C6475E00B7B179 /* Project object */ = {
			isa = PBXProject;
			attributes = {
				LastSwiftUpdateCheck = 1230;
				LastUpgradeCheck = 1230;
				TargetAttributes = {
					F8AD7A9B25C6475E00B7B179 = {
						CreatedOnToolsVersion = 12.3;
					};
				};
			};
			buildConfigurationList = F8AD7A9725C6475E00B7B179 /* Build configuration list for PBXProject "ZeyuZMRC" */;
			compatibilityVersion = "Xcode 9.3";
			developmentRegion = en;
			hasScannedForEncodings = 0;
			knownRegions = (
				en,
				Base,
			);
			mainGroup = F8AD7A9325C6475E00B7B179;
			productRefGroup = F8AD7A9D25C6475E00B7B179 /* Products */;
			projectDirPath = "";
			projectRoot = "";
			targets = (
				F8AD7A9B25C6475E00B7B179 /* ZeyuZMRC */,
			);
		};
/* End PBXProject section */

/* Begin PBXResourcesBuildPhase section */
		F8AD7A9A25C6475E00B7B179 /* Resources */ = {
			isa = PBXResourcesBuildPhase;
			buildActionMask = 2147483647;
			files = (
				F8AD7AAC25C6475F00B7B179 /* LaunchScreen.storyboard in Resources */,
				F8AD7AA925C6475F00B7B179 /* Assets.xcassets in Resources */,
				F8AD7AA725C6475E00B7B179 /* Main.storyboard in Resources */,
			);
			runOnlyForDeploymentPostprocessing = 0;
		};
/* End PBXResourcesBuildPhase section */

/* Begin PBXSourcesBuildPhase section */
		F8AD7A9825C6475E00B7B179 /* Sources */ = {
			isa = PBXSourcesBuildPhase;
			buildActionMask = 2147483647;
			files = (
				F8AD7AA425C6475E00B7B179 /* ViewController.swift in Sources */,
				F8733D1B25E32CCD00075C21 /* FavoriteData.swift in Sources */,
				F8733CFC25DA75B500075C21 /* DVRViewController.swift in Sources */,
				F8AD7AA025C6475E00B7B179 /* AppDelegate.swift in Sources */,
				F8733D1825E1A9CB00075C21 /* ConfigViewController.swift in Sources */,
				F8AD7AA225C6475E00B7B179 /* SceneDelegate.swift in Sources */,
			);
			runOnlyForDeploymentPostprocessing = 0;
		};
/* End PBXSourcesBuildPhase section */

/* Begin PBXVariantGroup section */
		F8AD7AA525C6475E00B7B179 /* Main.storyboard */ = {
			isa = PBXVariantGroup;
			children = (
				F8AD7AA625C6475E00B7B179 /* Base */,
			);
			name = Main.storyboard;
			sourceTree = "<group>";
		};
		F8AD7AAA25C6475F00B7B179 /* LaunchScreen.storyboard */ = {
			isa = PBXVariantGroup;
			children = (
				F8AD7AAB25C6475F00B7B179 /* Base */,
			);
			name = LaunchScreen.storyboard;
			sourceTree = "<group>";
		};
/* End PBXVariantGroup section */

/* Begin XCBuildConfiguration section */
		F8AD7AAE25C6475F00B7B179 /* Debug */ = {
			isa = XCBuildConfiguration;
			buildSettings = {
				ALWAYS_SEARCH_USER_PATHS = NO;
				CLANG_ANALYZER_NONNULL = YES;
				CLANG_ANALYZER_NUMBER_OBJECT_CONVERSION = YES_AGGRESSIVE;
				CLANG_CXX_LANGUAGE_STANDARD = "gnu++14";
				CLANG_CXX_LIBRARY = "libc++";
				CLANG_ENABLE_MODULES = YES;
				CLANG_ENABLE_OBJC_ARC = YES;
				CLANG_ENABLE_OBJC_WEAK = YES;
				CLANG_WARN_BLOCK_CAPTURE_AUTORELEASING = YES;
				CLANG_WARN_BOOL_CONVERSION = YES;
				CLANG_WARN_COMMA = YES;
				CLANG_WARN_CONSTANT_CONVERSION = YES;
				CLANG_WARN_DEPRECATED_OBJC_IMPLEMENTATIONS = YES;
				CLANG_WARN_DIRECT_OBJC_ISA_USAGE = YES_ERROR;
				CLANG_WARN_DOCUMENTATION_COMMENTS = YES;
				CLANG_WARN_EMPTY_BODY = YES;
				CLANG_WARN_ENUM_CONVERSION = YES;
				CLANG_WARN_INFINITE_RECURSION = YES;
				CLANG_WARN_INT_CONVERSION = YES;
				CLANG_WARN_NON_LITERAL_NULL_CONVERSION = YES;
				CLANG_WARN_OBJC_IMPLICIT_RETAIN_SELF = YES;
				CLANG_WARN_OBJC_LITERAL_CONVERSION = YES;
				CLANG_WARN_OBJC_ROOT_CLASS = YES_ERROR;
				CLANG_WARN_QUOTED_INCLUDE_IN_FRAMEWORK_HEADER = YES;
				CLANG_WARN_RANGE_LOOP_ANALYSIS = YES;
				CLANG_WARN_STRICT_PROTOTYPES = YES;
				CLANG_WARN_SUSPICIOUS_MOVE = YES;
				CLANG_WARN_UNGUARDED_AVAILABILITY = YES_AGGRESSIVE;
				CLANG_WARN_UNREACHABLE_CODE = YES;
				CLANG_WARN__DUPLICATE_METHOD_MATCH = YES;
				COPY_PHASE_STRIP = NO;
				DEBUG_INFORMATION_FORMAT = dwarf;
				ENABLE_STRICT_OBJC_MSGSEND = YES;
				ENABLE_TESTABILITY = YES;
				GCC_C_LANGUAGE_STANDARD = gnu11;
				GCC_DYNAMIC_NO_PIC = NO;
				GCC_NO_COMMON_BLOCKS = YES;
				GCC_OPTIMIZATION_LEVEL = 0;
				GCC_PREPROCESSOR_DEFINITIONS = (
					"DEBUG=1",
					"$(inherited)",
				);
				GCC_WARN_64_TO_32_BIT_CONVERSION = YES;
				GCC_WARN_ABOUT_RETURN_TYPE = YES_ERROR;
				GCC_WARN_UNDECLARED_SELECTOR = YES;
				GCC_WARN_UNINITIALIZED_AUTOS = YES_AGGRESSIVE;
				GCC_WARN_UNUSED_FUNCTION = YES;
				GCC_WARN_UNUSED_VARIABLE = YES;
				IPHONEOS_DEPLOYMENT_TARGET = 14.3;
				MTL_ENABLE_DEBUG_INFO = INCLUDE_SOURCE;
				MTL_FAST_MATH = YES;
				ONLY_ACTIVE_ARCH = YES;
				SDKROOT = iphoneos;
				SWIFT_ACTIVE_COMPILATION_CONDITIONS = DEBUG;
				SWIFT_OPTIMIZATION_LEVEL = "-Onone";
			};
			name = Debug;
		};
		F8AD7AAF25C6475F00B7B179 /* Release */ = {
			isa = XCBuildConfiguration;
			buildSettings = {
				ALWAYS_SEARCH_USER_PATHS = NO;
				CLANG_ANALYZER_NONNULL = YES;
				CLANG_ANALYZER_NUMBER_OBJECT_CONVERSION = YES_AGGRESSIVE;
				CLANG_CXX_LANGUAGE_STANDARD = "gnu++14";
				CLANG_CXX_LIBRARY = "libc++";
				CLANG_ENABLE_MODULES = YES;
				CLANG_ENABLE_OBJC_ARC = YES;
				CLANG_ENABLE_OBJC_WEAK = YES;
				CLANG_WARN_BLOCK_CAPTURE_AUTORELEASING = YES;
				CLANG_WARN_BOOL_CONVERSION = YES;
				CLANG_WARN_COMMA = YES;
				CLANG_WARN_CONSTANT_CONVERSION = YES;
				CLANG_WARN_DEPRECATED_OBJC_IMPLEMENTATIONS = YES;
				CLANG_WARN_DIRECT_OBJC_ISA_USAGE = YES_ERROR;
				CLANG_WARN_DOCUMENTATION_COMMENTS = YES;
				CLANG_WARN_EMPTY_BODY = YES;
				CLANG_WARN_ENUM_CONVERSION = YES;
				CLANG_WARN_INFINITE_RECURSION = YES;
				CLANG_WARN_INT_CONVERSION = YES;
				CLANG_WARN_NON_LITERAL_NULL_CONVERSION = YES;
				CLANG_WARN_OBJC_IMPLICIT_RETAIN_SELF = YES;
				CLANG_WARN_OBJC_LITERAL_CONVERSION = YES;
				CLANG_WARN_OBJC_ROOT_CLASS = YES_ERROR;
				CLANG_WARN_QUOTED_INCLUDE_IN_FRAMEWORK_HEADER = YES;
				CLANG_WARN_RANGE_LOOP_ANALYSIS = YES;
				CLANG_WARN_STRICT_PROTOTYPES = YES;
				CLANG_WARN_SUSPICIOUS_MOVE = YES;
				CLANG_WARN_UNGUARDED_AVAILABILITY = YES_AGGRESSIVE;
				CLANG_WARN_UNREACHABLE_CODE = YES;
				CLANG_WARN__DUPLICATE_METHOD_MATCH = YES;
				COPY_PHASE_STRIP = NO;
				DEBUG_INFORMATION_FORMAT = "dwarf-with-dsym";
				ENABLE_NS_ASSERTIONS = NO;
				ENABLE_STRICT_OBJC_MSGSEND = YES;
				GCC_C_LANGUAGE_STANDARD = gnu11;
				GCC_NO_COMMON_BLOCKS = YES;
				GCC_WARN_64_TO_32_BIT_CONVERSION = YES;
				GCC_WARN_ABOUT_RETURN_TYPE = YES_ERROR;
				GCC_WARN_UNDECLARED_SELECTOR = YES;
				GCC_WARN_UNINITIALIZED_AUTOS = YES_AGGRESSIVE;
				GCC_WARN_UNUSED_FUNCTION = YES;
				GCC_WARN_UNUSED_VARIABLE = YES;
				IPHONEOS_DEPLOYMENT_TARGET = 14.3;
				MTL_ENABLE_DEBUG_INFO = NO;
				MTL_FAST_MATH = YES;
				SDKROOT = iphoneos;
				SWIFT_COMPILATION_MODE = wholemodule;
				SWIFT_OPTIMIZATION_LEVEL = "-O";
				VALIDATE_PRODUCT = YES;
			};
			name = Release;
		};
		F8AD7AB125C6475F00B7B179 /* Debug */ = {
			isa = XCBuildConfiguration;
			buildSettings = {
				ASSETCATALOG_COMPILER_APPICON_NAME = AppIcon;
				ASSETCATALOG_COMPILER_GLOBAL_ACCENT_COLOR_NAME = AccentColor;
				CODE_SIGN_STYLE = Automatic;
				INFOPLIST_FILE = ZeyuZMRC/Info.plist;
				LD_RUNPATH_SEARCH_PATHS = (
					"$(inherited)",
					"@executable_path/Frameworks",
				);
				PRODUCT_BUNDLE_IDENTIFIER = com.zeyu.ZeyuZMRC;
				PRODUCT_NAME = "$(TARGET_NAME)";
				SWIFT_VERSION = 5.0;
				TARGETED_DEVICE_FAMILY = "1,2";
			};
			name = Debug;
		};
		F8AD7AB225C6475F00B7B179 /* Release */ = {
			isa = XCBuildConfiguration;
			buildSettings = {
				ASSETCATALOG_COMPILER_APPICON_NAME = AppIcon;
				ASSETCATALOG_COMPILER_GLOBAL_ACCENT_COLOR_NAME = AccentColor;
				CODE_SIGN_STYLE = Automatic;
				INFOPLIST_FILE = ZeyuZMRC/Info.plist;
				LD_RUNPATH_SEARCH_PATHS = (
					"$(inherited)",
					"@executable_path/Frameworks",
				);
				PRODUCT_BUNDLE_IDENTIFIER = com.zeyu.ZeyuZMRC;
				PRODUCT_NAME = "$(TARGET_NAME)";
				SWIFT_VERSION = 5.0;
				TARGETED_DEVICE_FAMILY = "1,2";
			};
			name = Release;
		};
/* End XCBuildConfiguration section */

/* Begin XCConfigurationList section */
		F8AD7A9725C6475E00B7B179 /* Build configuration list for PBXProject "ZeyuZMRC" */ = {
			isa = XCConfigurationList;
			buildConfigurations = (
				F8AD7AAE25C6475F00B7B179 /* Debug */,
				F8AD7AAF25C6475F00B7B179 /* Release */,
			);
			defaultConfigurationIsVisible = 0;
			defaultConfigurationName = Release;
		};
		F8AD7AB025C6475F00B7B179 /* Build configuration list for PBXNativeTarget "ZeyuZMRC" */ = {
			isa = XCConfigurationList;
			buildConfigurations = (
				F8AD7AB125C6475F00B7B179 /* Debug */,
				F8AD7AB225C6475F00B7B179 /* Release */,
			);
			defaultConfigurationIsVisible = 0;
			defaultConfigurationName = Release;
		};
/* End XCConfigurationList section */
	};
	rootObject = F8AD7A9425C6475E00B7B179 /* Project object */;
}
